
Microsoft Visual Studio Solution File, Format Version 12.00
# Visual Studio Version 17
VisualStudioVersion = 17.5.002.0
MinimumVisualStudioVersion = 10.0.40219.1
Project("{9A19103F-16F7-4668-BE54-9A1E7A4F7556}") = "AppointmentService", "AppointmentService.csproj", "{21C39FEA-87D2-4145-98D2-90D4EB16D44A}"
EndProject
Global
	GlobalSection(SolutionConfigurationPlatforms) = preSolution
		Debug|Any CPU = Debug|Any CPU
		Release|Any CPU = Release|Any CPU
	EndGlobalSection
	GlobalSection(ProjectConfigurationPlatforms) = postSolution
		{21C39FEA-87D2-4145-98D2-90D4EB16D44A}.Debug|Any CPU.ActiveCfg = Debug|Any CPU
		{21C39FEA-87D2-4145-98D2-90D4EB16D44A}.Debug|Any CPU.Build.0 = Debug|Any CPU
		{21C39FEA-87D2-4145-98D2-90D4EB16D44A}.Release|Any CPU.ActiveCfg = Release|Any CPU
		{21C39FEA-87D2-4145-98D2-90D4EB16D44A}.Release|Any CPU.Build.0 = Release|Any CPU
	EndGlobalSection
	GlobalSection(SolutionProperties) = preSolution
		HideSolutionNode = FALSE
	EndGlobalSection
	GlobalSection(ExtensibilityGlobals) = postSolution
		SolutionGuid = {6A024A2D-9410-49ED-A08E-46BC830C56E2}
	EndGlobalSection
EndGlobal
